
Microsoft Visual Studio Solution File, Format Version 12.00
# Visual Studio Version 17
VisualStudioVersion = 17.2.32616.157
MinimumVisualStudioVersion = 10.0.40219.1
Project("{FAE04EC0-301F-11D3-BF4B-00C04F79EFBC}") = "UniversityManagementSystem", "UniversityManagementSystem\UniversityManagementSystem.csproj", "{557747A1-9386-45F7-8F8F-192B6BA02A7D}"
EndProject
Project("{FAE04EC0-301F-11D3-BF4B-00C04F79EFBC}") = "UniversityManagementSystemTests", "UniversityManagementSystemTests\UniversityManagementSystemTests.csproj", "{6E2D6776-8896-4C8E-B0C9-F1984C8783CE}"
	ProjectSection(ProjectDependencies) = postProject
		{557747A1-9386-45F7-8F8F-192B6BA02A7D} = {557747A1-9386-45F7-8F8F-192B6BA02A7D}
	EndProjectSection
EndProject
Global
	GlobalSection(SolutionConfigurationPlatforms) = preSolution
		Debug|Any CPU = Debug|Any CPU
		Release|Any CPU = Release|Any CPU
	EndGlobalSection
	GlobalSection(ProjectConfigurationPlatforms) = postSolution
		{557747A1-9386-45F7-8F8F-192B6BA02A7D}.Debug|Any CPU.ActiveCfg = Debug|Any CPU
		{557747A1-9386-45F7-8F8F-192B6BA02A7D}.Debug|Any CPU.Build.0 = Debug|Any CPU
		{557747A1-9386-45F7-8F8F-192B6BA02A7D}.Release|Any CPU.ActiveCfg = Release|Any CPU
		{557747A1-9386-45F7-8F8F-192B6BA02A7D}.Release|Any CPU.Build.0 = Release|Any CPU
		{6E2D6776-8896-4C8E-B0C9-F1984C8783CE}.Debug|Any CPU.ActiveCfg = Debug|Any CPU
		{6E2D6776-8896-4C8E-B0C9-F1984C8783CE}.Debug|Any CPU.Build.0 = Debug|Any CPU
		{6E2D6776-8896-4C8E-B0C9-F1984C8783CE}.Release|Any CPU.ActiveCfg = Release|Any CPU
		{6E2D6776-8896-4C8E-B0C9-F1984C8783CE}.Release|Any CPU.Build.0 = Release|Any CPU
	EndGlobalSection
	GlobalSection(SolutionProperties) = preSolution
		HideSolutionNode = FALSE
	EndGlobalSection
	GlobalSection(ExtensibilityGlobals) = postSolution
		SolutionGuid = {B81E98B4-B05A-4F79-839C-4707C3CC2838}
	EndGlobalSection
EndGlobal
